
Microsoft Visual Studio Solution File, Format Version 12.00
# Visual Studio 14
VisualStudioVersion = 14.0.25123.0
MinimumVisualStudioVersion = 10.0.40219.1
Project("{FAE04EC0-301F-11D3-BF4B-00C04F79EFBC}") = "ITVDN_Essential_Lessons", "ITVDN_Essential_Lessons\ITVDN_Essential_Lessons.csproj", "{FBA16889-CB0C-4297-BA24-75943F57CA45}"
EndProject
Project("{FAE04EC0-301F-11D3-BF4B-00C04F79EFBC}") = "Lesson5", "Lesson5\Lesson5.csproj", "{DAF7EF3B-1136-4C95-B743-BAA31F22E84F}"
EndProject
Project("{FAE04EC0-301F-11D3-BF4B-00C04F79EFBC}") = "Covariant", "Covariant\Covariant.csproj", "{67580BBA-BEA0-4531-A174-8387D6221CCD}"
EndProject
Project("{FAE04EC0-301F-11D3-BF4B-00C04F79EFBC}") = "Params", "Params0\Params.csproj", "{709F2681-293C-4913-A755-D1DBA666CDD8}"
EndProject
Project("{FAE04EC0-301F-11D3-BF4B-00C04F79EFBC}") = "001Indexers", "Params1\001Indexers.csproj", "{C70E6FF0-65BB-435E-9431-22F309B76498}"
EndProject
Project("{FAE04EC0-301F-11D3-BF4B-00C04F79EFBC}") = "002Indexer", "002Indexer\002Indexer.csproj", "{C232AC12-23FE-438E-98B8-B2BB066A4EB4}"
EndProject
Project("{FAE04EC0-301F-11D3-BF4B-00C04F79EFBC}") = "003Indexers", "003Indexers\003Indexers.csproj", "{03202AEB-2E4E-4C46-9972-66FB6C706224}"
EndProject
Project("{FAE04EC0-301F-11D3-BF4B-00C04F79EFBC}") = "004Indexers", "004Indexers\004Indexers.csproj", "{8C815A53-622F-4EEA-B3C1-54D792FE9E29}"
EndProject
Project("{FAE04EC0-301F-11D3-BF4B-00C04F79EFBC}") = "005Indexers", "005Indexers\005Indexers.csproj", "{B2C9AD00-6284-4C51-AFB6-7DD262EB92D2}"
EndProject
Project("{FAE04EC0-301F-11D3-BF4B-00C04F79EFBC}") = "006Indexers", "006Indexers\006Indexers.csproj", "{5EDCD669-2CAE-4540-B606-CFE497602F52}"
EndProject
Project("{2150E333-8FDC-42A3-9474-1A3956D46DE8}") = "StaticClasses", "StaticClasses", "{A211F05A-E47F-4E83-9ECF-293B00FFE551}"
EndProject
Project("{FAE04EC0-301F-11D3-BF4B-00C04F79EFBC}") = "001Static", "001Static\001Static.csproj", "{B29D963A-D687-4334-AEFA-19FD1A223132}"
EndProject
Global
	GlobalSection(SolutionConfigurationPlatforms) = preSolution
		Debug|Any CPU = Debug|Any CPU
		Release|Any CPU = Release|Any CPU
	EndGlobalSection
	GlobalSection(ProjectConfigurationPlatforms) = postSolution
		{FBA16889-CB0C-4297-BA24-75943F57CA45}.Debug|Any CPU.ActiveCfg = Debug|Any CPU
		{FBA16889-CB0C-4297-BA24-75943F57CA45}.Debug|Any CPU.Build.0 = Debug|Any CPU
		{FBA16889-CB0C-4297-BA24-75943F57CA45}.Release|Any CPU.ActiveCfg = Release|Any CPU
		{FBA16889-CB0C-4297-BA24-75943F57CA45}.Release|Any CPU.Build.0 = Release|Any CPU
		{DAF7EF3B-1136-4C95-B743-BAA31F22E84F}.Debug|Any CPU.ActiveCfg = Debug|Any CPU
		{DAF7EF3B-1136-4C95-B743-BAA31F22E84F}.Debug|Any CPU.Build.0 = Debug|Any CPU
		{DAF7EF3B-1136-4C95-B743-BAA31F22E84F}.Release|Any CPU.ActiveCfg = Release|Any CPU
		{DAF7EF3B-1136-4C95-B743-BAA31F22E84F}.Release|Any CPU.Build.0 = Release|Any CPU
		{67580BBA-BEA0-4531-A174-8387D6221CCD}.Debug|Any CPU.ActiveCfg = Debug|Any CPU
		{67580BBA-BEA0-4531-A174-8387D6221CCD}.Debug|Any CPU.Build.0 = Debug|Any CPU
		{67580BBA-BEA0-4531-A174-8387D6221CCD}.Release|Any CPU.ActiveCfg = Release|Any CPU
		{67580BBA-BEA0-4531-A174-8387D6221CCD}.Release|Any CPU.Build.0 = Release|Any CPU
		{709F2681-293C-4913-A755-D1DBA666CDD8}.Debug|Any CPU.ActiveCfg = Debug|Any CPU
		{709F2681-293C-4913-A755-D1DBA666CDD8}.Debug|Any CPU.Build.0 = Debug|Any CPU
		{709F2681-293C-4913-A755-D1DBA666CDD8}.Release|Any CPU.ActiveCfg = Release|Any CPU
		{709F2681-293C-4913-A755-D1DBA666CDD8}.Release|Any CPU.Build.0 = Release|Any CPU
		{C70E6FF0-65BB-435E-9431-22F309B76498}.Debug|Any CPU.ActiveCfg = Debug|Any CPU
		{C70E6FF0-65BB-435E-9431-22F309B76498}.Debug|Any CPU.Build.0 = Debug|Any CPU
		{C70E6FF0-65BB-435E-9431-22F309B76498}.Release|Any CPU.ActiveCfg = Release|Any CPU
		{C70E6FF0-65BB-435E-9431-22F309B76498}.Release|Any CPU.Build.0 = Release|Any CPU
		{C232AC12-23FE-438E-98B8-B2BB066A4EB4}.Debug|Any CPU.ActiveCfg = Debug|Any CPU
		{C232AC12-23FE-438E-98B8-B2BB066A4EB4}.Debug|Any CPU.Build.0 = Debug|Any CPU
		{C232AC12-23FE-438E-98B8-B2BB066A4EB4}.Release|Any CPU.ActiveCfg = Release|Any CPU
		{C232AC12-23FE-438E-98B8-B2BB066A4EB4}.Release|Any CPU.Build.0 = Release|Any CPU
		{03202AEB-2E4E-4C46-9972-66FB6C706224}.Debug|Any CPU.ActiveCfg = Debug|Any CPU
		{03202AEB-2E4E-4C46-9972-66FB6C706224}.Debug|Any CPU.Build.0 = Debug|Any CPU
		{03202AEB-2E4E-4C46-9972-66FB6C706224}.Release|Any CPU.ActiveCfg = Release|Any CPU
		{03202AEB-2E4E-4C46-9972-66FB6C706224}.Release|Any CPU.Build.0 = Release|Any CPU
		{8C815A53-622F-4EEA-B3C1-54D792FE9E29}.Debug|Any CPU.ActiveCfg = Debug|Any CPU
		{8C815A53-622F-4EEA-B3C1-54D792FE9E29}.Debug|Any CPU.Build.0 = Debug|Any CPU
		{8C815A53-622F-4EEA-B3C1-54D792FE9E29}.Release|Any CPU.ActiveCfg = Release|Any CPU
		{8C815A53-622F-4EEA-B3C1-54D792FE9E29}.Release|Any CPU.Build.0 = Release|Any CPU
		{B2C9AD00-6284-4C51-AFB6-7DD262EB92D2}.Debug|Any CPU.ActiveCfg = Debug|Any CPU
		{B2C9AD00-6284-4C51-AFB6-7DD262EB92D2}.Debug|Any CPU.Build.0 = Debug|Any CPU
		{B2C9AD00-6284-4C51-AFB6-7DD262EB92D2}.Release|Any CPU.ActiveCfg = Release|Any CPU
		{B2C9AD00-6284-4C51-AFB6-7DD262EB92D2}.Release|Any CPU.Build.0 = Release|Any CPU
		{5EDCD669-2CAE-4540-B606-CFE497602F52}.Debug|Any CPU.ActiveCfg = Debug|Any CPU
		{5EDCD669-2CAE-4540-B606-CFE497602F52}.Debug|Any CPU.Build.0 = Debug|Any CPU
		{5EDCD669-2CAE-4540-B606-CFE497602F52}.Release|Any CPU.ActiveCfg = Release|Any CPU
		{5EDCD669-2CAE-4540-B606-CFE497602F52}.Release|Any CPU.Build.0 = Release|Any CPU
		{B29D963A-D687-4334-AEFA-19FD1A223132}.Debug|Any CPU.ActiveCfg = Debug|Any CPU
		{B29D963A-D687-4334-AEFA-19FD1A223132}.Debug|Any CPU.Build.0 = Debug|Any CPU
		{B29D963A-D687-4334-AEFA-19FD1A223132}.Release|Any CPU.ActiveCfg = Release|Any CPU
		{B29D963A-D687-4334-AEFA-19FD1A223132}.Release|Any CPU.Build.0 = Release|Any CPU
	EndGlobalSection
	GlobalSection(SolutionProperties) = preSolution
		HideSolutionNode = FALSE
	EndGlobalSection
	GlobalSection(NestedProjects) = preSolution
		{B29D963A-D687-4334-AEFA-19FD1A223132} = {A211F05A-E47F-4E83-9ECF-293B00FFE551}
	EndGlobalSection
EndGlobal
