
Microsoft Visual Studio Solution File, Format Version 12.00
# Visual Studio 14
VisualStudioVersion = 14.0.25123.0
MinimumVisualStudioVersion = 10.0.40219.1
Project("{FAE04EC0-301F-11D3-BF4B-00C04F79EFBC}") = "ITVDN_Essential_Lessons", "ITVDN_Essential_Lessons\ITVDN_Essential_Lessons.csproj", "{FBA16889-CB0C-4297-BA24-75943F57CA45}"
EndProject
Project("{FAE04EC0-301F-11D3-BF4B-00C04F79EFBC}") = "Lesson5", "Lesson5\Lesson5.csproj", "{DAF7EF3B-1136-4C95-B743-BAA31F22E84F}"
EndProject
Project("{FAE04EC0-301F-11D3-BF4B-00C04F79EFBC}") = "Covariant", "Covariant\Covariant.csproj", "{67580BBA-BEA0-4531-A174-8387D6221CCD}"
EndProject
Project("{FAE04EC0-301F-11D3-BF4B-00C04F79EFBC}") = "Params0", "Params0\Params0.csproj", "{709F2681-293C-4913-A755-D1DBA666CDD8}"
EndProject
Global
	GlobalSection(SolutionConfigurationPlatforms) = preSolution
		Debug|Any CPU = Debug|Any CPU
		Release|Any CPU = Release|Any CPU
	EndGlobalSection
	GlobalSection(ProjectConfigurationPlatforms) = postSolution
		{FBA16889-CB0C-4297-BA24-75943F57CA45}.Debug|Any CPU.ActiveCfg = Debug|Any CPU
		{FBA16889-CB0C-4297-BA24-75943F57CA45}.Debug|Any CPU.Build.0 = Debug|Any CPU
		{FBA16889-CB0C-4297-BA24-75943F57CA45}.Release|Any CPU.ActiveCfg = Release|Any CPU
		{FBA16889-CB0C-4297-BA24-75943F57CA45}.Release|Any CPU.Build.0 = Release|Any CPU
		{DAF7EF3B-1136-4C95-B743-BAA31F22E84F}.Debug|Any CPU.ActiveCfg = Debug|Any CPU
		{DAF7EF3B-1136-4C95-B743-BAA31F22E84F}.Debug|Any CPU.Build.0 = Debug|Any CPU
		{DAF7EF3B-1136-4C95-B743-BAA31F22E84F}.Release|Any CPU.ActiveCfg = Release|Any CPU
		{DAF7EF3B-1136-4C95-B743-BAA31F22E84F}.Release|Any CPU.Build.0 = Release|Any CPU
		{67580BBA-BEA0-4531-A174-8387D6221CCD}.Debug|Any CPU.ActiveCfg = Debug|Any CPU
		{67580BBA-BEA0-4531-A174-8387D6221CCD}.Debug|Any CPU.Build.0 = Debug|Any CPU
		{67580BBA-BEA0-4531-A174-8387D6221CCD}.Release|Any CPU.ActiveCfg = Release|Any CPU
		{67580BBA-BEA0-4531-A174-8387D6221CCD}.Release|Any CPU.Build.0 = Release|Any CPU
		{709F2681-293C-4913-A755-D1DBA666CDD8}.Debug|Any CPU.ActiveCfg = Debug|Any CPU
		{709F2681-293C-4913-A755-D1DBA666CDD8}.Debug|Any CPU.Build.0 = Debug|Any CPU
		{709F2681-293C-4913-A755-D1DBA666CDD8}.Release|Any CPU.ActiveCfg = Release|Any CPU
		{709F2681-293C-4913-A755-D1DBA666CDD8}.Release|Any CPU.Build.0 = Release|Any CPU
	EndGlobalSection
	GlobalSection(SolutionProperties) = preSolution
		HideSolutionNode = FALSE
	EndGlobalSection
EndGlobal
